
Microsoft Visual Studio Solution File, Format Version 12.00
# Visual Studio Version 17
VisualStudioVersion = 17.6.33829.357
MinimumVisualStudioVersion = 10.0.40219.1
Project("{FAE04EC0-301F-11D3-BF4B-00C04F79EFBC}") = "SimpleCalculator", "SimpleCalculator\SimpleCalculator.csproj", "{6A301B8E-CCFF-42B4-A040-272C4822C3FA}"
EndProject
Project("{FAE04EC0-301F-11D3-BF4B-00C04F79EFBC}") = "ExtendedOperations", "ExtendedOperations\ExtendedOperations.csproj", "{4CB1DC07-8E9A-4C97-9BC5-4A2E7B735337}"
EndProject
Global
	GlobalSection(SolutionConfigurationPlatforms) = preSolution
		Debug|Any CPU = Debug|Any CPU
		Release|Any CPU = Release|Any CPU
	EndGlobalSection
	GlobalSection(ProjectConfigurationPlatforms) = postSolution
		{6A301B8E-CCFF-42B4-A040-272C4822C3FA}.Debug|Any CPU.ActiveCfg = Debug|Any CPU
		{6A301B8E-CCFF-42B4-A040-272C4822C3FA}.Debug|Any CPU.Build.0 = Debug|Any CPU
		{6A301B8E-CCFF-42B4-A040-272C4822C3FA}.Release|Any CPU.ActiveCfg = Release|Any CPU
		{6A301B8E-CCFF-42B4-A040-272C4822C3FA}.Release|Any CPU.Build.0 = Release|Any CPU
		{4CB1DC07-8E9A-4C97-9BC5-4A2E7B735337}.Debug|Any CPU.ActiveCfg = Debug|Any CPU
		{4CB1DC07-8E9A-4C97-9BC5-4A2E7B735337}.Debug|Any CPU.Build.0 = Debug|Any CPU
		{4CB1DC07-8E9A-4C97-9BC5-4A2E7B735337}.Release|Any CPU.ActiveCfg = Release|Any CPU
		{4CB1DC07-8E9A-4C97-9BC5-4A2E7B735337}.Release|Any CPU.Build.0 = Release|Any CPU
	EndGlobalSection
	GlobalSection(SolutionProperties) = preSolution
		HideSolutionNode = FALSE
	EndGlobalSection
	GlobalSection(ExtensibilityGlobals) = postSolution
		SolutionGuid = {A94145F1-0FD9-4406-87A3-62BB32283E8B}
	EndGlobalSection
EndGlobal
